
Microsoft Visual Studio Solution File, Format Version 12.00
# Visual Studio Version 17
VisualStudioVersion = 17.4.33103.184
MinimumVisualStudioVersion = 10.0.40219.1
Project("{2150E333-8FDC-42A3-9474-1A3956D46DE8}") = "lib", "lib", "{6BD444F0-CD0F-40EA-BE88-C9A3FFC87501}"
EndProject
Project("{2150E333-8FDC-42A3-9474-1A3956D46DE8}") = "iTin.Core", "iTin.Core", "{0375AEFC-5E66-4EB6-A434-C453DF10AF71}"
EndProject
Project("{2150E333-8FDC-42A3-9474-1A3956D46DE8}") = "iTin.Core", "iTin.Core", "{3AFDFB88-EF3D-4C2F-AD0F-DE7A6A5D581E}"
EndProject
Project("{2150E333-8FDC-42A3-9474-1A3956D46DE8}") = "iTin.Logging", "iTin.Logging", "{FEA1D7D9-D763-4F5C-B443-CE10041F2C94}"
EndProject
Project("{2150E333-8FDC-42A3-9474-1A3956D46DE8}") = "iTin.Logging", "iTin.Logging", "{25260F41-3E9E-45BB-B896-9893F8E3C9EC}"
EndProject
Project("{2150E333-8FDC-42A3-9474-1A3956D46DE8}") = "iTin.AspNet", "iTin.AspNet", "{3C1E0904-5C5A-4495-9AD5-D613970BC0AD}"
EndProject
Project("{2150E333-8FDC-42A3-9474-1A3956D46DE8}") = "iTin.AspNet", "iTin.AspNet", "{C58EB101-364E-4E23-AC16-92D33B410F2B}"
EndProject
Project("{2150E333-8FDC-42A3-9474-1A3956D46DE8}") = "samples", "samples", "{3FD00F9D-D391-4E05-8CB6-C3D4D34D225C}"
EndProject
Project("{9A19103F-16F7-4668-BE54-9A1E7A4F7556}") = "iPdfWriter.AspNetCore.WebApi", "src\samples\iPdfWriter.AspNetCore.WebApi\iPdfWriter.AspNetCore.WebApi.csproj", "{54657B0B-323D-4AA5-A387-C0A33B20F001}"
EndProject
Project("{2150E333-8FDC-42A3-9474-1A3956D46DE8}") = "iPdfWriter", "iPdfWriter", "{3C63F733-08AB-49BF-9F19-D72320C54661}"
EndProject
Project("{9A19103F-16F7-4668-BE54-9A1E7A4F7556}") = "iPdfWriter.AspNetCore.WebApi.Nuget", "src\samples\iPdfWriter.AspNetCore.WebApi.Nuget\iPdfWriter.AspNetCore.WebApi.Nuget.csproj", "{1E971CDD-8287-486F-891E-83C8E49F9CD4}"
EndProject
Project("{2150E333-8FDC-42A3-9474-1A3956D46DE8}") = "iPdfWriter.AspNetCore", "iPdfWriter.AspNetCore", "{458C277C-FF70-4168-8B1C-FAED8C3ED46F}"
EndProject
Project("{2150E333-8FDC-42A3-9474-1A3956D46DE8}") = "iTin", "iTin", "{3E2A9AF1-5B5F-498F-8A18-84338CD06F77}"
EndProject
Project("{9A19103F-16F7-4668-BE54-9A1E7A4F7556}") = "iTin.Logging", "src\lib\iTin\iTin.Logging\iTin.Logging\iTin.Logging.csproj", "{09101284-ACE7-4EF3-A854-3872B43CD3A2}"
EndProject
Project("{9A19103F-16F7-4668-BE54-9A1E7A4F7556}") = "iTin.Core", "src\lib\iTin\iTin.Core\iTin.Core\iTin.Core.csproj", "{964318C3-4960-42E8-9D77-6E0FA8507861}"
EndProject
Project("{9A19103F-16F7-4668-BE54-9A1E7A4F7556}") = "iTin.AspNet", "src\lib\iTin\iTin.AspNet\iTin.AspNet\iTin.AspNet.csproj", "{2BCA2E20-C746-4F17-A41C-B778A4B730D3}"
EndProject
Project("{9A19103F-16F7-4668-BE54-9A1E7A4F7556}") = "iPdfWriter.AspNetCore", "src\lib\iPdfWriter\iPdfWriter.AspNetCore\iPdfWriter.AspNetCore.csproj", "{C403144F-1125-43F4-AED1-C7B805A49430}"
EndProject
Global
	GlobalSection(SolutionConfigurationPlatforms) = preSolution
		Debug|Any CPU = Debug|Any CPU
		Release|Any CPU = Release|Any CPU
	EndGlobalSection
	GlobalSection(ProjectConfigurationPlatforms) = postSolution
		{54657B0B-323D-4AA5-A387-C0A33B20F001}.Debug|Any CPU.ActiveCfg = Debug|Any CPU
		{54657B0B-323D-4AA5-A387-C0A33B20F001}.Debug|Any CPU.Build.0 = Debug|Any CPU
		{54657B0B-323D-4AA5-A387-C0A33B20F001}.Release|Any CPU.ActiveCfg = Release|Any CPU
		{54657B0B-323D-4AA5-A387-C0A33B20F001}.Release|Any CPU.Build.0 = Release|Any CPU
		{1E971CDD-8287-486F-891E-83C8E49F9CD4}.Debug|Any CPU.ActiveCfg = Debug|Any CPU
		{1E971CDD-8287-486F-891E-83C8E49F9CD4}.Debug|Any CPU.Build.0 = Debug|Any CPU
		{1E971CDD-8287-486F-891E-83C8E49F9CD4}.Release|Any CPU.ActiveCfg = Release|Any CPU
		{1E971CDD-8287-486F-891E-83C8E49F9CD4}.Release|Any CPU.Build.0 = Release|Any CPU
		{09101284-ACE7-4EF3-A854-3872B43CD3A2}.Debug|Any CPU.ActiveCfg = Debug|Any CPU
		{09101284-ACE7-4EF3-A854-3872B43CD3A2}.Debug|Any CPU.Build.0 = Debug|Any CPU
		{09101284-ACE7-4EF3-A854-3872B43CD3A2}.Release|Any CPU.ActiveCfg = Release|Any CPU
		{09101284-ACE7-4EF3-A854-3872B43CD3A2}.Release|Any CPU.Build.0 = Release|Any CPU
		{964318C3-4960-42E8-9D77-6E0FA8507861}.Debug|Any CPU.ActiveCfg = Debug|Any CPU
		{964318C3-4960-42E8-9D77-6E0FA8507861}.Debug|Any CPU.Build.0 = Debug|Any CPU
		{964318C3-4960-42E8-9D77-6E0FA8507861}.Release|Any CPU.ActiveCfg = Release|Any CPU
		{964318C3-4960-42E8-9D77-6E0FA8507861}.Release|Any CPU.Build.0 = Release|Any CPU
		{2BCA2E20-C746-4F17-A41C-B778A4B730D3}.Debug|Any CPU.ActiveCfg = Debug|Any CPU
		{2BCA2E20-C746-4F17-A41C-B778A4B730D3}.Debug|Any CPU.Build.0 = Debug|Any CPU
		{2BCA2E20-C746-4F17-A41C-B778A4B730D3}.Release|Any CPU.ActiveCfg = Release|Any CPU
		{2BCA2E20-C746-4F17-A41C-B778A4B730D3}.Release|Any CPU.Build.0 = Release|Any CPU
		{C403144F-1125-43F4-AED1-C7B805A49430}.Debug|Any CPU.ActiveCfg = Debug|Any CPU
		{C403144F-1125-43F4-AED1-C7B805A49430}.Debug|Any CPU.Build.0 = Debug|Any CPU
		{C403144F-1125-43F4-AED1-C7B805A49430}.Release|Any CPU.ActiveCfg = Release|Any CPU
		{C403144F-1125-43F4-AED1-C7B805A49430}.Release|Any CPU.Build.0 = Release|Any CPU
	EndGlobalSection
	GlobalSection(SolutionProperties) = preSolution
		HideSolutionNode = FALSE
	EndGlobalSection
	GlobalSection(NestedProjects) = preSolution
		{0375AEFC-5E66-4EB6-A434-C453DF10AF71} = {3E2A9AF1-5B5F-498F-8A18-84338CD06F77}
		{3AFDFB88-EF3D-4C2F-AD0F-DE7A6A5D581E} = {0375AEFC-5E66-4EB6-A434-C453DF10AF71}
		{FEA1D7D9-D763-4F5C-B443-CE10041F2C94} = {3E2A9AF1-5B5F-498F-8A18-84338CD06F77}
		{25260F41-3E9E-45BB-B896-9893F8E3C9EC} = {FEA1D7D9-D763-4F5C-B443-CE10041F2C94}
		{3C1E0904-5C5A-4495-9AD5-D613970BC0AD} = {3E2A9AF1-5B5F-498F-8A18-84338CD06F77}
		{C58EB101-364E-4E23-AC16-92D33B410F2B} = {3C1E0904-5C5A-4495-9AD5-D613970BC0AD}
		{54657B0B-323D-4AA5-A387-C0A33B20F001} = {3FD00F9D-D391-4E05-8CB6-C3D4D34D225C}
		{3C63F733-08AB-49BF-9F19-D72320C54661} = {6BD444F0-CD0F-40EA-BE88-C9A3FFC87501}
		{1E971CDD-8287-486F-891E-83C8E49F9CD4} = {3FD00F9D-D391-4E05-8CB6-C3D4D34D225C}
		{458C277C-FF70-4168-8B1C-FAED8C3ED46F} = {3C63F733-08AB-49BF-9F19-D72320C54661}
		{3E2A9AF1-5B5F-498F-8A18-84338CD06F77} = {6BD444F0-CD0F-40EA-BE88-C9A3FFC87501}
		{09101284-ACE7-4EF3-A854-3872B43CD3A2} = {25260F41-3E9E-45BB-B896-9893F8E3C9EC}
		{964318C3-4960-42E8-9D77-6E0FA8507861} = {3AFDFB88-EF3D-4C2F-AD0F-DE7A6A5D581E}
		{2BCA2E20-C746-4F17-A41C-B778A4B730D3} = {C58EB101-364E-4E23-AC16-92D33B410F2B}
		{C403144F-1125-43F4-AED1-C7B805A49430} = {458C277C-FF70-4168-8B1C-FAED8C3ED46F}
	EndGlobalSection
	GlobalSection(ExtensibilityGlobals) = postSolution
		SolutionGuid = {4EE9A9FE-ED76-4DD1-96A3-8B073167957F}
	EndGlobalSection
EndGlobal
