
Microsoft Visual Studio Solution File, Format Version 12.00
# Visual Studio Version 17
VisualStudioVersion = 17.4.33103.184
MinimumVisualStudioVersion = 10.0.40219.1
Project("{2150E333-8FDC-42A3-9474-1A3956D46DE8}") = "lib", "lib", "{6BD444F0-CD0F-40EA-BE88-C9A3FFC87501}"
EndProject
Project("{2150E333-8FDC-42A3-9474-1A3956D46DE8}") = "iTin.AspNet", "iTin.AspNet", "{3C1E0904-5C5A-4495-9AD5-D613970BC0AD}"
EndProject
Project("{2150E333-8FDC-42A3-9474-1A3956D46DE8}") = "samples", "samples", "{3FD00F9D-D391-4E05-8CB6-C3D4D34D225C}"
EndProject
Project("{9A19103F-16F7-4668-BE54-9A1E7A4F7556}") = "iPdfWriter.AspNetCore.WebApi", "src\samples\iPdfWriter.AspNetCore.WebApi\iPdfWriter.AspNetCore.WebApi.csproj", "{54657B0B-323D-4AA5-A387-C0A33B20F001}"
EndProject
Project("{2150E333-8FDC-42A3-9474-1A3956D46DE8}") = "iPdfWriter", "iPdfWriter", "{3C63F733-08AB-49BF-9F19-D72320C54661}"
EndProject
Project("{2150E333-8FDC-42A3-9474-1A3956D46DE8}") = "iTin", "iTin", "{3E2A9AF1-5B5F-498F-8A18-84338CD06F77}"
EndProject
Project("{2150E333-8FDC-42A3-9474-1A3956D46DE8}") = "iPdfWriter", "iPdfWriter", "{B74228DC-3B25-4838-B3E5-0450109F4358}"
EndProject
Project("{2150E333-8FDC-42A3-9474-1A3956D46DE8}") = "iPdfWriter.Abstractions", "iPdfWriter.Abstractions", "{0D5B706A-8816-43E8-8959-457617C38DCB}"
EndProject
Project("{9A19103F-16F7-4668-BE54-9A1E7A4F7556}") = "iPdfWriter.Abstractions.Writer", "..\iPdfWriter.Abstractions\src\lib\iPdfWriter\iPdfWriter.Abstractions.Writer\iPdfWriter.Abstractions.Writer.csproj", "{9C3796C4-201F-466D-91A5-72657FC666D3}"
EndProject
Project("{9A19103F-16F7-4668-BE54-9A1E7A4F7556}") = "iPdfWriter", "..\iPdfWriter\src\lib\iPdfWriter\iPdfWriter\iPdfWriter.csproj", "{0B28ED42-A855-4911-A166-095B45DEEA6F}"
EndProject
Project("{9A19103F-16F7-4668-BE54-9A1E7A4F7556}") = "iTin.AspNet", "..\..\iTin\iTin.AspNet\iTin.AspNet\src\iTin.AspNet.csproj", "{76C73EC9-5D1F-4E89-8882-851EA1A7808D}"
EndProject
Project("{9A19103F-16F7-4668-BE54-9A1E7A4F7556}") = "iPdfWriter.AspNetCore", "src\lib\iPdfWriter.AspNetCore.csproj", "{961D17E0-49F5-4262-AE76-C4D303F68E65}"
EndProject
Global
	GlobalSection(SolutionConfigurationPlatforms) = preSolution
		Debug|Any CPU = Debug|Any CPU
		Release|Any CPU = Release|Any CPU
	EndGlobalSection
	GlobalSection(ProjectConfigurationPlatforms) = postSolution
		{54657B0B-323D-4AA5-A387-C0A33B20F001}.Debug|Any CPU.ActiveCfg = Debug|Any CPU
		{54657B0B-323D-4AA5-A387-C0A33B20F001}.Debug|Any CPU.Build.0 = Debug|Any CPU
		{54657B0B-323D-4AA5-A387-C0A33B20F001}.Release|Any CPU.ActiveCfg = Release|Any CPU
		{54657B0B-323D-4AA5-A387-C0A33B20F001}.Release|Any CPU.Build.0 = Release|Any CPU
		{9C3796C4-201F-466D-91A5-72657FC666D3}.Debug|Any CPU.ActiveCfg = Debug|Any CPU
		{9C3796C4-201F-466D-91A5-72657FC666D3}.Debug|Any CPU.Build.0 = Debug|Any CPU
		{9C3796C4-201F-466D-91A5-72657FC666D3}.Release|Any CPU.ActiveCfg = Release|Any CPU
		{9C3796C4-201F-466D-91A5-72657FC666D3}.Release|Any CPU.Build.0 = Release|Any CPU
		{0B28ED42-A855-4911-A166-095B45DEEA6F}.Debug|Any CPU.ActiveCfg = Debug|Any CPU
		{0B28ED42-A855-4911-A166-095B45DEEA6F}.Debug|Any CPU.Build.0 = Debug|Any CPU
		{0B28ED42-A855-4911-A166-095B45DEEA6F}.Release|Any CPU.ActiveCfg = Release|Any CPU
		{0B28ED42-A855-4911-A166-095B45DEEA6F}.Release|Any CPU.Build.0 = Release|Any CPU
		{76C73EC9-5D1F-4E89-8882-851EA1A7808D}.Debug|Any CPU.ActiveCfg = Debug|Any CPU
		{76C73EC9-5D1F-4E89-8882-851EA1A7808D}.Debug|Any CPU.Build.0 = Debug|Any CPU
		{76C73EC9-5D1F-4E89-8882-851EA1A7808D}.Release|Any CPU.ActiveCfg = Release|Any CPU
		{76C73EC9-5D1F-4E89-8882-851EA1A7808D}.Release|Any CPU.Build.0 = Release|Any CPU
		{961D17E0-49F5-4262-AE76-C4D303F68E65}.Debug|Any CPU.ActiveCfg = Debug|Any CPU
		{961D17E0-49F5-4262-AE76-C4D303F68E65}.Debug|Any CPU.Build.0 = Debug|Any CPU
		{961D17E0-49F5-4262-AE76-C4D303F68E65}.Release|Any CPU.ActiveCfg = Release|Any CPU
		{961D17E0-49F5-4262-AE76-C4D303F68E65}.Release|Any CPU.Build.0 = Release|Any CPU
	EndGlobalSection
	GlobalSection(SolutionProperties) = preSolution
		HideSolutionNode = FALSE
	EndGlobalSection
	GlobalSection(NestedProjects) = preSolution
		{3C1E0904-5C5A-4495-9AD5-D613970BC0AD} = {3E2A9AF1-5B5F-498F-8A18-84338CD06F77}
		{54657B0B-323D-4AA5-A387-C0A33B20F001} = {3FD00F9D-D391-4E05-8CB6-C3D4D34D225C}
		{3C63F733-08AB-49BF-9F19-D72320C54661} = {6BD444F0-CD0F-40EA-BE88-C9A3FFC87501}
		{3E2A9AF1-5B5F-498F-8A18-84338CD06F77} = {6BD444F0-CD0F-40EA-BE88-C9A3FFC87501}
		{B74228DC-3B25-4838-B3E5-0450109F4358} = {3C63F733-08AB-49BF-9F19-D72320C54661}
		{0D5B706A-8816-43E8-8959-457617C38DCB} = {3C63F733-08AB-49BF-9F19-D72320C54661}
		{9C3796C4-201F-466D-91A5-72657FC666D3} = {0D5B706A-8816-43E8-8959-457617C38DCB}
		{0B28ED42-A855-4911-A166-095B45DEEA6F} = {B74228DC-3B25-4838-B3E5-0450109F4358}
		{76C73EC9-5D1F-4E89-8882-851EA1A7808D} = {3C1E0904-5C5A-4495-9AD5-D613970BC0AD}
	EndGlobalSection
	GlobalSection(ExtensibilityGlobals) = postSolution
		SolutionGuid = {4EE9A9FE-ED76-4DD1-96A3-8B073167957F}
	EndGlobalSection
EndGlobal
